// !$*UTF8*$!
{
	archiveVersion = 1;
	classes = {
	};
	objectVersion = 55;
	objects = {

/* Begin PBXBuildFile section */
		837FF9D727AA9112008D0E35 /* AppDelegate.swift in Sources */ = {isa = PBXBuildFile; fileRef = 837FF9D627AA9112008D0E35 /* AppDelegate.swift */; };
		837FF9D927AA9112008D0E35 /* SceneDelegate.swift in Sources */ = {isa = PBXBuildFile; fileRef = 837FF9D827AA9112008D0E35 /* SceneDelegate.swift */; };
		837FF9DB27AA9112008D0E35 /* ViewControllerWTableView.swift in Sources */ = {isa = PBXBuildFile; fileRef = 837FF9DA27AA9112008D0E35 /* ViewControllerWTableView.swift */; };
		837FF9DE27AA9112008D0E35 /* Main.storyboard in Resources */ = {isa = PBXBuildFile; fileRef = 837FF9DC27AA9112008D0E35 /* Main.storyboard */; };
		837FF9E027AA9114008D0E35 /* Assets.xcassets in Resources */ = {isa = PBXBuildFile; fileRef = 837FF9DF27AA9114008D0E35 /* Assets.xcassets */; };
		837FF9E327AA9114008D0E35 /* LaunchScreen.storyboard in Resources */ = {isa = PBXBuildFile; fileRef = 837FF9E127AA9114008D0E35 /* LaunchScreen.storyboard */; };
		837FF9EB27AA92E4008D0E35 /* NetworkManager.swift in Sources */ = {isa = PBXBuildFile; fileRef = 837FF9EA27AA92E4008D0E35 /* NetworkManager.swift */; };
		837FF9EF27ABBE31008D0E35 /* Character.swift in Sources */ = {isa = PBXBuildFile; fileRef = 837FF9EE27ABBE31008D0E35 /* Character.swift */; };
		837FF9F127ABBE5A008D0E35 /* Location.swift in Sources */ = {isa = PBXBuildFile; fileRef = 837FF9F027ABBE5A008D0E35 /* Location.swift */; };
		837FF9F327ABBEB8008D0E35 /* CharacterPage.swift in Sources */ = {isa = PBXBuildFile; fileRef = 837FF9F227ABBEB8008D0E35 /* CharacterPage.swift */; };
		837FF9F527AC1DAE008D0E35 /* UIView+Constrains.swift in Sources */ = {isa = PBXBuildFile; fileRef = 837FF9F427AC1DAE008D0E35 /* UIView+Constrains.swift */; };
		837FF9FA27AC1F4C008D0E35 /* RickAndMortyTableViewCell.swift in Sources */ = {isa = PBXBuildFile; fileRef = 837FF9F927AC1F4C008D0E35 /* RickAndMortyTableViewCell.swift */; };
		837FF9FC27AC36A0008D0E35 /* DetailViewController.swift in Sources */ = {isa = PBXBuildFile; fileRef = 837FF9FB27AC36A0008D0E35 /* DetailViewController.swift */; };
		837FF9FE27AC4689008D0E35 /* DetailView.swift in Sources */ = {isa = PBXBuildFile; fileRef = 837FF9FD27AC4689008D0E35 /* DetailView.swift */; };
		837FFA0027AC46B8008D0E35 /* DetailTableViewCell.swift in Sources */ = {isa = PBXBuildFile; fileRef = 837FF9FF27AC46B8008D0E35 /* DetailTableViewCell.swift */; };
		837FFA0227AC4788008D0E35 /* Episode.swift in Sources */ = {isa = PBXBuildFile; fileRef = 837FFA0127AC4788008D0E35 /* Episode.swift */; };
/* End PBXBuildFile section */

/* Begin PBXFileReference section */
		837FF9D327AA9112008D0E35 /* NetworkApp.app */ = {isa = PBXFileReference; explicitFileType = wrapper.application; includeInIndex = 0; path = NetworkApp.app; sourceTree = BUILT_PRODUCTS_DIR; };
		837FF9D627AA9112008D0E35 /* AppDelegate.swift */ = {isa = PBXFileReference; lastKnownFileType = sourcecode.swift; path = AppDelegate.swift; sourceTree = "<group>"; };
		837FF9D827AA9112008D0E35 /* SceneDelegate.swift */ = {isa = PBXFileReference; lastKnownFileType = sourcecode.swift; path = SceneDelegate.swift; sourceTree = "<group>"; };
		837FF9DA27AA9112008D0E35 /* ViewControllerWTableView.swift */ = {isa = PBXFileReference; lastKnownFileType = sourcecode.swift; path = ViewControllerWTableView.swift; sourceTree = "<group>"; };
		837FF9DD27AA9112008D0E35 /* Base */ = {isa = PBXFileReference; lastKnownFileType = file.storyboard; name = Base; path = Base.lproj/Main.storyboard; sourceTree = "<group>"; };
		837FF9DF27AA9114008D0E35 /* Assets.xcassets */ = {isa = PBXFileReference; lastKnownFileType = folder.assetcatalog; path = Assets.xcassets; sourceTree = "<group>"; };
		837FF9E227AA9114008D0E35 /* Base */ = {isa = PBXFileReference; lastKnownFileType = file.storyboard; name = Base; path = Base.lproj/LaunchScreen.storyboard; sourceTree = "<group>"; };
		837FF9E427AA9114008D0E35 /* Info.plist */ = {isa = PBXFileReference; lastKnownFileType = text.plist.xml; path = Info.plist; sourceTree = "<group>"; };
		837FF9EA27AA92E4008D0E35 /* NetworkManager.swift */ = {isa = PBXFileReference; lastKnownFileType = sourcecode.swift; path = NetworkManager.swift; sourceTree = "<group>"; };
		837FF9EE27ABBE31008D0E35 /* Character.swift */ = {isa = PBXFileReference; lastKnownFileType = sourcecode.swift; path = Character.swift; sourceTree = "<group>"; };
		837FF9F027ABBE5A008D0E35 /* Location.swift */ = {isa = PBXFileReference; lastKnownFileType = sourcecode.swift; path = Location.swift; sourceTree = "<group>"; };
		837FF9F227ABBEB8008D0E35 /* CharacterPage.swift */ = {isa = PBXFileReference; lastKnownFileType = sourcecode.swift; path = CharacterPage.swift; sourceTree = "<group>"; };
		837FF9F427AC1DAE008D0E35 /* UIView+Constrains.swift */ = {isa = PBXFileReference; lastKnownFileType = sourcecode.swift; path = "UIView+Constrains.swift"; sourceTree = "<group>"; };
		837FF9F927AC1F4C008D0E35 /* RickAndMortyTableViewCell.swift */ = {isa = PBXFileReference; lastKnownFileType = sourcecode.swift; path = RickAndMortyTableViewCell.swift; sourceTree = "<group>"; };
		837FF9FB27AC36A0008D0E35 /* DetailViewController.swift */ = {isa = PBXFileReference; lastKnownFileType = sourcecode.swift; path = DetailViewController.swift; sourceTree = "<group>"; };
		837FF9FD27AC4689008D0E35 /* DetailView.swift */ = {isa = PBXFileReference; lastKnownFileType = sourcecode.swift; path = DetailView.swift; sourceTree = "<group>"; };
		837FF9FF27AC46B8008D0E35 /* DetailTableViewCell.swift */ = {isa = PBXFileReference; lastKnownFileType = sourcecode.swift; path = DetailTableViewCell.swift; sourceTree = "<group>"; };
		837FFA0127AC4788008D0E35 /* Episode.swift */ = {isa = PBXFileReference; lastKnownFileType = sourcecode.swift; path = Episode.swift; sourceTree = "<group>"; };
/* End PBXFileReference section */

/* Begin PBXFrameworksBuildPhase section */
		837FF9D027AA9112008D0E35 /* Frameworks */ = {
			isa = PBXFrameworksBuildPhase;
			buildActionMask = 2147483647;
			files = (
			);
			runOnlyForDeploymentPostprocessing = 0;
		};
/* End PBXFrameworksBuildPhase section */

/* Begin PBXGroup section */
		837FF9CA27AA9112008D0E35 = {
			isa = PBXGroup;
			children = (
				837FF9D527AA9112008D0E35 /* NetworkApp */,
				837FF9D427AA9112008D0E35 /* Products */,
			);
			sourceTree = "<group>";
		};
		837FF9D427AA9112008D0E35 /* Products */ = {
			isa = PBXGroup;
			children = (
				837FF9D327AA9112008D0E35 /* NetworkApp.app */,
			);
			name = Products;
			sourceTree = "<group>";
		};
		837FF9D527AA9112008D0E35 /* NetworkApp */ = {
			isa = PBXGroup;
			children = (
				837FF9D627AA9112008D0E35 /* AppDelegate.swift */,
				837FF9D827AA9112008D0E35 /* SceneDelegate.swift */,
				837FF9F627AC1DB2008D0E35 /* Extensions */,
				837FF9ED27ABBE15008D0E35 /* Models */,
				837FF9EC27AA92E9008D0E35 /* Network */,
				837FF9F827AC1F29008D0E35 /* ViewControllers */,
				837FF9F727AC1EE8008D0E35 /* Views */,
				837FF9DC27AA9112008D0E35 /* Main.storyboard */,
				837FF9DF27AA9114008D0E35 /* Assets.xcassets */,
				837FF9E127AA9114008D0E35 /* LaunchScreen.storyboard */,
				837FF9E427AA9114008D0E35 /* Info.plist */,
			);
			path = NetworkApp;
			sourceTree = "<group>";
		};
		837FF9EC27AA92E9008D0E35 /* Network */ = {
			isa = PBXGroup;
			children = (
				837FF9EA27AA92E4008D0E35 /* NetworkManager.swift */,
			);
			path = Network;
			sourceTree = "<group>";
		};
		837FF9ED27ABBE15008D0E35 /* Models */ = {
			isa = PBXGroup;
			children = (
				837FF9EE27ABBE31008D0E35 /* Character.swift */,
				837FF9F027ABBE5A008D0E35 /* Location.swift */,
				837FF9F227ABBEB8008D0E35 /* CharacterPage.swift */,
				837FFA0127AC4788008D0E35 /* Episode.swift */,
			);
			path = Models;
			sourceTree = "<group>";
		};
		837FF9F627AC1DB2008D0E35 /* Extensions */ = {
			isa = PBXGroup;
			children = (
				837FF9F427AC1DAE008D0E35 /* UIView+Constrains.swift */,
			);
			path = Extensions;
			sourceTree = "<group>";
		};
		837FF9F727AC1EE8008D0E35 /* Views */ = {
			isa = PBXGroup;
			children = (
				837FF9F927AC1F4C008D0E35 /* RickAndMortyTableViewCell.swift */,
				837FF9FD27AC4689008D0E35 /* DetailView.swift */,
				837FF9FF27AC46B8008D0E35 /* DetailTableViewCell.swift */,
			);
			path = Views;
			sourceTree = "<group>";
		};
		837FF9F827AC1F29008D0E35 /* ViewControllers */ = {
			isa = PBXGroup;
			children = (
				837FF9DA27AA9112008D0E35 /* ViewControllerWTableView.swift */,
				837FF9FB27AC36A0008D0E35 /* DetailViewController.swift */,
			);
			path = ViewControllers;
			sourceTree = "<group>";
		};
/* End PBXGroup section */

/* Begin PBXNativeTarget section */
		837FF9D227AA9112008D0E35 /* NetworkApp */ = {
			isa = PBXNativeTarget;
			buildConfigurationList = 837FF9E727AA9114008D0E35 /* Build configuration list for PBXNativeTarget "NetworkApp" */;
			buildPhases = (
				837FF9CF27AA9112008D0E35 /* Sources */,
				837FF9D027AA9112008D0E35 /* Frameworks */,
				837FF9D127AA9112008D0E35 /* Resources */,
			);
			buildRules = (
			);
			dependencies = (
			);
			name = NetworkApp;
			productName = NetworkApp;
			productReference = 837FF9D327AA9112008D0E35 /* NetworkApp.app */;
			productType = "com.apple.product-type.application";
		};
/* End PBXNativeTarget section */

/* Begin PBXProject section */
		837FF9CB27AA9112008D0E35 /* Project object */ = {
			isa = PBXProject;
			attributes = {
				BuildIndependentTargetsInParallel = 1;
				LastSwiftUpdateCheck = 1320;
				LastUpgradeCheck = 1320;
				TargetAttributes = {
					837FF9D227AA9112008D0E35 = {
						CreatedOnToolsVersion = 13.2.1;
					};
				};
			};
			buildConfigurationList = 837FF9CE27AA9112008D0E35 /* Build configuration list for PBXProject "NetworkApp" */;
			compatibilityVersion = "Xcode 13.0";
			developmentRegion = en;
			hasScannedForEncodings = 0;
			knownRegions = (
				en,
				Base,
			);
			mainGroup = 837FF9CA27AA9112008D0E35;
			productRefGroup = 837FF9D427AA9112008D0E35 /* Products */;
			projectDirPath = "";
			projectRoot = "";
			targets = (
				837FF9D227AA9112008D0E35 /* NetworkApp */,
			);
		};
/* End PBXProject section */

/* Begin PBXResourcesBuildPhase section */
		837FF9D127AA9112008D0E35 /* Resources */ = {
			isa = PBXResourcesBuildPhase;
			buildActionMask = 2147483647;
			files = (
				837FF9E327AA9114008D0E35 /* LaunchScreen.storyboard in Resources */,
				837FF9E027AA9114008D0E35 /* Assets.xcassets in Resources */,
				837FF9DE27AA9112008D0E35 /* Main.storyboard in Resources */,
			);
			runOnlyForDeploymentPostprocessing = 0;
		};
/* End PBXResourcesBuildPhase section */

/* Begin PBXSourcesBuildPhase section */
		837FF9CF27AA9112008D0E35 /* Sources */ = {
			isa = PBXSourcesBuildPhase;
			buildActionMask = 2147483647;
			files = (
				837FF9EB27AA92E4008D0E35 /* NetworkManager.swift in Sources */,
				837FF9DB27AA9112008D0E35 /* ViewControllerWTableView.swift in Sources */,
				837FF9F527AC1DAE008D0E35 /* UIView+Constrains.swift in Sources */,
				837FF9EF27ABBE31008D0E35 /* Character.swift in Sources */,
				837FF9FA27AC1F4C008D0E35 /* RickAndMortyTableViewCell.swift in Sources */,
				837FF9FE27AC4689008D0E35 /* DetailView.swift in Sources */,
				837FFA0027AC46B8008D0E35 /* DetailTableViewCell.swift in Sources */,
				837FFA0227AC4788008D0E35 /* Episode.swift in Sources */,
				837FF9D727AA9112008D0E35 /* AppDelegate.swift in Sources */,
				837FF9F327ABBEB8008D0E35 /* CharacterPage.swift in Sources */,
				837FF9FC27AC36A0008D0E35 /* DetailViewController.swift in Sources */,
				837FF9F127ABBE5A008D0E35 /* Location.swift in Sources */,
				837FF9D927AA9112008D0E35 /* SceneDelegate.swift in Sources */,
			);
			runOnlyForDeploymentPostprocessing = 0;
		};
/* End PBXSourcesBuildPhase section */

/* Begin PBXVariantGroup section */
		837FF9DC27AA9112008D0E35 /* Main.storyboard */ = {
			isa = PBXVariantGroup;
			children = (
				837FF9DD27AA9112008D0E35 /* Base */,
			);
			name = Main.storyboard;
			sourceTree = "<group>";
		};
		837FF9E127AA9114008D0E35 /* LaunchScreen.storyboard */ = {
			isa = PBXVariantGroup;
			children = (
				837FF9E227AA9114008D0E35 /* Base */,
			);
			name = LaunchScreen.storyboard;
			sourceTree = "<group>";
		};
/* End PBXVariantGroup section */

/* Begin XCBuildConfiguration section */
		837FF9E527AA9114008D0E35 /* Debug */ = {
			isa = XCBuildConfiguration;
			buildSettings = {
				ALWAYS_SEARCH_USER_PATHS = NO;
				CLANG_ANALYZER_NONNULL = YES;
				CLANG_ANALYZER_NUMBER_OBJECT_CONVERSION = YES_AGGRESSIVE;
				CLANG_CXX_LANGUAGE_STANDARD = "gnu++17";
				CLANG_CXX_LIBRARY = "libc++";
				CLANG_ENABLE_MODULES = YES;
				CLANG_ENABLE_OBJC_ARC = YES;
				CLANG_ENABLE_OBJC_WEAK = YES;
				CLANG_WARN_BLOCK_CAPTURE_AUTORELEASING = YES;
				CLANG_WARN_BOOL_CONVERSION = YES;
				CLANG_WARN_COMMA = YES;
				CLANG_WARN_CONSTANT_CONVERSION = YES;
				CLANG_WARN_DEPRECATED_OBJC_IMPLEMENTATIONS = YES;
				CLANG_WARN_DIRECT_OBJC_ISA_USAGE = YES_ERROR;
				CLANG_WARN_DOCUMENTATION_COMMENTS = YES;
				CLANG_WARN_EMPTY_BODY = YES;
				CLANG_WARN_ENUM_CONVERSION = YES;
				CLANG_WARN_INFINITE_RECURSION = YES;
				CLANG_WARN_INT_CONVERSION = YES;
				CLANG_WARN_NON_LITERAL_NULL_CONVERSION = YES;
				CLANG_WARN_OBJC_IMPLICIT_RETAIN_SELF = YES;
				CLANG_WARN_OBJC_LITERAL_CONVERSION = YES;
				CLANG_WARN_OBJC_ROOT_CLASS = YES_ERROR;
				CLANG_WARN_QUOTED_INCLUDE_IN_FRAMEWORK_HEADER = YES;
				CLANG_WARN_RANGE_LOOP_ANALYSIS = YES;
				CLANG_WARN_STRICT_PROTOTYPES = YES;
				CLANG_WARN_SUSPICIOUS_MOVE = YES;
				CLANG_WARN_UNGUARDED_AVAILABILITY = YES_AGGRESSIVE;
				CLANG_WARN_UNREACHABLE_CODE = YES;
				CLANG_WARN__DUPLICATE_METHOD_MATCH = YES;
				COPY_PHASE_STRIP = NO;
				DEBUG_INFORMATION_FORMAT = dwarf;
				ENABLE_STRICT_OBJC_MSGSEND = YES;
				ENABLE_TESTABILITY = YES;
				GCC_C_LANGUAGE_STANDARD = gnu11;
				GCC_DYNAMIC_NO_PIC = NO;
				GCC_NO_COMMON_BLOCKS = YES;
				GCC_OPTIMIZATION_LEVEL = 0;
				GCC_PREPROCESSOR_DEFINITIONS = (
					"DEBUG=1",
					"$(inherited)",
				);
				GCC_WARN_64_TO_32_BIT_CONVERSION = YES;
				GCC_WARN_ABOUT_RETURN_TYPE = YES_ERROR;
				GCC_WARN_UNDECLARED_SELECTOR = YES;
				GCC_WARN_UNINITIALIZED_AUTOS = YES_AGGRESSIVE;
				GCC_WARN_UNUSED_FUNCTION = YES;
				GCC_WARN_UNUSED_VARIABLE = YES;
				IPHONEOS_DEPLOYMENT_TARGET = 15.2;
				MTL_ENABLE_DEBUG_INFO = INCLUDE_SOURCE;
				MTL_FAST_MATH = YES;
				ONLY_ACTIVE_ARCH = YES;
				SDKROOT = iphoneos;
				SWIFT_ACTIVE_COMPILATION_CONDITIONS = DEBUG;
				SWIFT_OPTIMIZATION_LEVEL = "-Onone";
			};
			name = Debug;
		};
		837FF9E627AA9114008D0E35 /* Release */ = {
			isa = XCBuildConfiguration;
			buildSettings = {
				ALWAYS_SEARCH_USER_PATHS = NO;
				CLANG_ANALYZER_NONNULL = YES;
				CLANG_ANALYZER_NUMBER_OBJECT_CONVERSION = YES_AGGRESSIVE;
				CLANG_CXX_LANGUAGE_STANDARD = "gnu++17";
				CLANG_CXX_LIBRARY = "libc++";
				CLANG_ENABLE_MODULES = YES;
				CLANG_ENABLE_OBJC_ARC = YES;
				CLANG_ENABLE_OBJC_WEAK = YES;
				CLANG_WARN_BLOCK_CAPTURE_AUTORELEASING = YES;
				CLANG_WARN_BOOL_CONVERSION = YES;
				CLANG_WARN_COMMA = YES;
				CLANG_WARN_CONSTANT_CONVERSION = YES;
				CLANG_WARN_DEPRECATED_OBJC_IMPLEMENTATIONS = YES;
				CLANG_WARN_DIRECT_OBJC_ISA_USAGE = YES_ERROR;
				CLANG_WARN_DOCUMENTATION_COMMENTS = YES;
				CLANG_WARN_EMPTY_BODY = YES;
				CLANG_WARN_ENUM_CONVERSION = YES;
				CLANG_WARN_INFINITE_RECURSION = YES;
				CLANG_WARN_INT_CONVERSION = YES;
				CLANG_WARN_NON_LITERAL_NULL_CONVERSION = YES;
				CLANG_WARN_OBJC_IMPLICIT_RETAIN_SELF = YES;
				CLANG_WARN_OBJC_LITERAL_CONVERSION = YES;
				CLANG_WARN_OBJC_ROOT_CLASS = YES_ERROR;
				CLANG_WARN_QUOTED_INCLUDE_IN_FRAMEWORK_HEADER = YES;
				CLANG_WARN_RANGE_LOOP_ANALYSIS = YES;
				CLANG_WARN_STRICT_PROTOTYPES = YES;
				CLANG_WARN_SUSPICIOUS_MOVE = YES;
				CLANG_WARN_UNGUARDED_AVAILABILITY = YES_AGGRESSIVE;
				CLANG_WARN_UNREACHABLE_CODE = YES;
				CLANG_WARN__DUPLICATE_METHOD_MATCH = YES;
				COPY_PHASE_STRIP = NO;
				DEBUG_INFORMATION_FORMAT = "dwarf-with-dsym";
				ENABLE_NS_ASSERTIONS = NO;
				ENABLE_STRICT_OBJC_MSGSEND = YES;
				GCC_C_LANGUAGE_STANDARD = gnu11;
				GCC_NO_COMMON_BLOCKS = YES;
				GCC_WARN_64_TO_32_BIT_CONVERSION = YES;
				GCC_WARN_ABOUT_RETURN_TYPE = YES_ERROR;
				GCC_WARN_UNDECLARED_SELECTOR = YES;
				GCC_WARN_UNINITIALIZED_AUTOS = YES_AGGRESSIVE;
				GCC_WARN_UNUSED_FUNCTION = YES;
				GCC_WARN_UNUSED_VARIABLE = YES;
				IPHONEOS_DEPLOYMENT_TARGET = 15.2;
				MTL_ENABLE_DEBUG_INFO = NO;
				MTL_FAST_MATH = YES;
				SDKROOT = iphoneos;
				SWIFT_COMPILATION_MODE = wholemodule;
				SWIFT_OPTIMIZATION_LEVEL = "-O";
				VALIDATE_PRODUCT = YES;
			};
			name = Release;
		};
		837FF9E827AA9114008D0E35 /* Debug */ = {
			isa = XCBuildConfiguration;
			buildSettings = {
				ASSETCATALOG_COMPILER_APPICON_NAME = AppIcon;
				ASSETCATALOG_COMPILER_GLOBAL_ACCENT_COLOR_NAME = AccentColor;
				CODE_SIGN_STYLE = Automatic;
				CURRENT_PROJECT_VERSION = 1;
				DEVELOPMENT_TEAM = DK8A94C3H5;
				GENERATE_INFOPLIST_FILE = YES;
				INFOPLIST_FILE = NetworkApp/Info.plist;
				INFOPLIST_KEY_UIApplicationSupportsIndirectInputEvents = YES;
				INFOPLIST_KEY_UILaunchStoryboardName = LaunchScreen;
				INFOPLIST_KEY_UIMainStoryboardFile = Main;
				INFOPLIST_KEY_UISupportedInterfaceOrientations_iPad = "UIInterfaceOrientationPortrait UIInterfaceOrientationPortraitUpsideDown UIInterfaceOrientationLandscapeLeft UIInterfaceOrientationLandscapeRight";
				INFOPLIST_KEY_UISupportedInterfaceOrientations_iPhone = "UIInterfaceOrientationPortrait UIInterfaceOrientationLandscapeLeft UIInterfaceOrientationLandscapeRight";
				LD_RUNPATH_SEARCH_PATHS = (
					"$(inherited)",
					"@executable_path/Frameworks",
				);
				MARKETING_VERSION = 1.0;
				PRODUCT_BUNDLE_IDENTIFIER = RyabikovDanila.NetworkApp;
				PRODUCT_NAME = "$(TARGET_NAME)";
				SWIFT_EMIT_LOC_STRINGS = YES;
				SWIFT_VERSION = 5.0;
				TARGETED_DEVICE_FAMILY = "1,2";
			};
			name = Debug;
		};
		837FF9E927AA9114008D0E35 /* Release */ = {
			isa = XCBuildConfiguration;
			buildSettings = {
				ASSETCATALOG_COMPILER_APPICON_NAME = AppIcon;
				ASSETCATALOG_COMPILER_GLOBAL_ACCENT_COLOR_NAME = AccentColor;
				CODE_SIGN_STYLE = Automatic;
				CURRENT_PROJECT_VERSION = 1;
				DEVELOPMENT_TEAM = DK8A94C3H5;
				GENERATE_INFOPLIST_FILE = YES;
				INFOPLIST_FILE = NetworkApp/Info.plist;
				INFOPLIST_KEY_UIApplicationSupportsIndirectInputEvents = YES;
				INFOPLIST_KEY_UILaunchStoryboardName = LaunchScreen;
				INFOPLIST_KEY_UIMainStoryboardFile = Main;
				INFOPLIST_KEY_UISupportedInterfaceOrientations_iPad = "UIInterfaceOrientationPortrait UIInterfaceOrientationPortraitUpsideDown UIInterfaceOrientationLandscapeLeft UIInterfaceOrientationLandscapeRight";
				INFOPLIST_KEY_UISupportedInterfaceOrientations_iPhone = "UIInterfaceOrientationPortrait UIInterfaceOrientationLandscapeLeft UIInterfaceOrientationLandscapeRight";
				LD_RUNPATH_SEARCH_PATHS = (
					"$(inherited)",
					"@executable_path/Frameworks",
				);
				MARKETING_VERSION = 1.0;
				PRODUCT_BUNDLE_IDENTIFIER = RyabikovDanila.NetworkApp;
				PRODUCT_NAME = "$(TARGET_NAME)";
				SWIFT_EMIT_LOC_STRINGS = YES;
				SWIFT_VERSION = 5.0;
				TARGETED_DEVICE_FAMILY = "1,2";
			};
			name = Release;
		};
/* End XCBuildConfiguration section */

/* Begin XCConfigurationList section */
		837FF9CE27AA9112008D0E35 /* Build configuration list for PBXProject "NetworkApp" */ = {
			isa = XCConfigurationList;
			buildConfigurations = (
				837FF9E527AA9114008D0E35 /* Debug */,
				837FF9E627AA9114008D0E35 /* Release */,
			);
			defaultConfigurationIsVisible = 0;
			defaultConfigurationName = Release;
		};
		837FF9E727AA9114008D0E35 /* Build configuration list for PBXNativeTarget "NetworkApp" */ = {
			isa = XCConfigurationList;
			buildConfigurations = (
				837FF9E827AA9114008D0E35 /* Debug */,
				837FF9E927AA9114008D0E35 /* Release */,
			);
			defaultConfigurationIsVisible = 0;
			defaultConfigurationName = Release;
		};
/* End XCConfigurationList section */
	};
	rootObject = 837FF9CB27AA9112008D0E35 /* Project object */;
}
